
Microsoft Visual Studio Solution File, Format Version 12.00
# Visual Studio Version 17
VisualStudioVersion = 17.0.32014.148
MinimumVisualStudioVersion = 10.0.40219.1
Project("{FAE04EC0-301F-11D3-BF4B-00C04F79EFBC}") = "BudgetManager", "BudgetManager\BudgetManager.csproj", "{03C551AB-CA69-42A7-8B48-931DFF14483F}"
EndProject
Global
	GlobalSection(SolutionConfigurationPlatforms) = preSolution
		Debug|Any CPU = Debug|Any CPU
		Release|Any CPU = Release|Any CPU
	EndGlobalSection
	GlobalSection(ProjectConfigurationPlatforms) = postSolution
		{03C551AB-CA69-42A7-8B48-931DFF14483F}.Debug|Any CPU.ActiveCfg = Debug|Any CPU
		{03C551AB-CA69-42A7-8B48-931DFF14483F}.Debug|Any CPU.Build.0 = Debug|Any CPU
		{03C551AB-CA69-42A7-8B48-931DFF14483F}.Release|Any CPU.ActiveCfg = Release|Any CPU
		{03C551AB-CA69-42A7-8B48-931DFF14483F}.Release|Any CPU.Build.0 = Release|Any CPU
	EndGlobalSection
	GlobalSection(SolutionProperties) = preSolution
		HideSolutionNode = FALSE
	EndGlobalSection
	GlobalSection(ExtensibilityGlobals) = postSolution
		SolutionGuid = {2C251059-C60E-4B65-8030-39B42111FE28}
	EndGlobalSection
EndGlobal
